
Microsoft Visual Studio Solution File, Format Version 12.00
# Visual Studio Version 16
VisualStudioVersion = 16.0.809.7
MinimumVisualStudioVersion = 10.0.40219.1
Project("{FAE04EC0-301F-11D3-BF4B-00C04F79EFBC}") = "DesignPattern", "DesignPattern.csproj", "{9636310C-058E-42FB-9F2B-E674F006993C}"
EndProject
Global
	GlobalSection(SolutionConfigurationPlatforms) = preSolution
		Debug|anycpu = Debug|anycpu
		Release|anycpu = Release|anycpu
	EndGlobalSection
	GlobalSection(ProjectConfigurationPlatforms) = postSolution
		{9636310C-058E-42FB-9F2B-E674F006993C}.Debug|anycpu.ActiveCfg = Debug|anycpu
		{9636310C-058E-42FB-9F2B-E674F006993C}.Debug|anycpu.Build.0 = Debug|anycpu
		{9636310C-058E-42FB-9F2B-E674F006993C}.Release|anycpu.ActiveCfg = Release|anycpu
		{9636310C-058E-42FB-9F2B-E674F006993C}.Release|anycpu.Build.0 = Release|anycpu
	EndGlobalSection
	GlobalSection(SolutionProperties) = preSolution
		HideSolutionNode = FALSE
	EndGlobalSection
	GlobalSection(ExtensibilityGlobals) = postSolution
		SolutionGuid = {E199B019-2866-4801-B502-8FFFC33EB7D9}
	EndGlobalSection
EndGlobal
